// !$*UTF8*$!
{
	archiveVersion = 1;
	classes = {
	};
	objectVersion = 46;
	objects = {

/* Begin PBXBuildFile section */
		3A2FC3281F6F7056003CFD82 /* main.m in Sources */ = {isa = PBXBuildFile; fileRef = 3A2FC3271F6F7056003CFD82 /* main.m */; };
		3A2FC32B1F6F7056003CFD82 /* AppDelegate.m in Sources */ = {isa = PBXBuildFile; fileRef = 3A2FC32A1F6F7056003CFD82 /* AppDelegate.m */; };
		3A2FC32E1F6F7056003CFD82 /* ViewController.m in Sources */ = {isa = PBXBuildFile; fileRef = 3A2FC32D1F6F7056003CFD82 /* ViewController.m */; };
		3A2FC3311F6F7056003CFD82 /* Main.storyboard in Resources */ = {isa = PBXBuildFile; fileRef = 3A2FC32F1F6F7056003CFD82 /* Main.storyboard */; };
		3A2FC3331F6F7056003CFD82 /* Assets.xcassets in Resources */ = {isa = PBXBuildFile; fileRef = 3A2FC3321F6F7056003CFD82 /* Assets.xcassets */; };
		3A2FC3361F6F7056003CFD82 /* LaunchScreen.storyboard in Resources */ = {isa = PBXBuildFile; fileRef = 3A2FC3341F6F7056003CFD82 /* LaunchScreen.storyboard */; };
		3A2FC3401F6F7060003CFD82 /* FzhBluetooth.m in Sources */ = {isa = PBXBuildFile; fileRef = 3A2FC33F1F6F7060003CFD82 /* FzhBluetooth.m */; };
		3A2FC3491F6F745B003CFD82 /* SendViewController.m in Sources */ = {isa = PBXBuildFile; fileRef = 3A2FC3481F6F745B003CFD82 /* SendViewController.m */; };
		3A2FC34D1F6F7B52003CFD82 /* FZHProgressHUD.m in Sources */ = {isa = PBXBuildFile; fileRef = 3A2FC34C1F6F7B52003CFD82 /* FZHProgressHUD.m */; };
		3A2FC3531F6F7B69003CFD82 /* FZBlueModel.m in Sources */ = {isa = PBXBuildFile; fileRef = 3A2FC3501F6F7B69003CFD82 /* FZBlueModel.m */; };
		3A2FC3541F6F7B69003CFD82 /* FZSingletonManager.m in Sources */ = {isa = PBXBuildFile; fileRef = 3A2FC3521F6F7B69003CFD82 /* FZSingletonManager.m */; };
/* End PBXBuildFile section */

/* Begin PBXFileReference section */
		3A2FC3231F6F7056003CFD82 /* FzBluetoothDemo.app */ = {isa = PBXFileReference; explicitFileType = wrapper.application; includeInIndex = 0; path = FzBluetoothDemo.app; sourceTree = BUILT_PRODUCTS_DIR; };
		3A2FC3271F6F7056003CFD82 /* main.m */ = {isa = PBXFileReference; lastKnownFileType = sourcecode.c.objc; path = main.m; sourceTree = "<group>"; };
		3A2FC3291F6F7056003CFD82 /* AppDelegate.h */ = {isa = PBXFileReference; lastKnownFileType = sourcecode.c.h; path = AppDelegate.h; sourceTree = "<group>"; };
		3A2FC32A1F6F7056003CFD82 /* AppDelegate.m */ = {isa = PBXFileReference; lastKnownFileType = sourcecode.c.objc; path = AppDelegate.m; sourceTree = "<group>"; };
		3A2FC32C1F6F7056003CFD82 /* ViewController.h */ = {isa = PBXFileReference; lastKnownFileType = sourcecode.c.h; path = ViewController.h; sourceTree = "<group>"; };
		3A2FC32D1F6F7056003CFD82 /* ViewController.m */ = {isa = PBXFileReference; lastKnownFileType = sourcecode.c.objc; path = ViewController.m; sourceTree = "<group>"; };
		3A2FC3301F6F7056003CFD82 /* Base */ = {isa = PBXFileReference; lastKnownFileType = file.storyboard; name = Base; path = Base.lproj/Main.storyboard; sourceTree = "<group>"; };
		3A2FC3321F6F7056003CFD82 /* Assets.xcassets */ = {isa = PBXFileReference; lastKnownFileType = folder.assetcatalog; path = Assets.xcassets; sourceTree = "<group>"; };
		3A2FC3351F6F7056003CFD82 /* Base */ = {isa = PBXFileReference; lastKnownFileType = file.storyboard; name = Base; path = Base.lproj/LaunchScreen.storyboard; sourceTree = "<group>"; };
		3A2FC3371F6F7056003CFD82 /* Info.plist */ = {isa = PBXFileReference; lastKnownFileType = text.plist.xml; path = Info.plist; sourceTree = "<group>"; };
		3A2FC33E1F6F7060003CFD82 /* FzhBluetooth.h */ = {isa = PBXFileReference; fileEncoding = 4; lastKnownFileType = sourcecode.c.h; path = FzhBluetooth.h; sourceTree = "<group>"; };
		3A2FC33F1F6F7060003CFD82 /* FzhBluetooth.m */ = {isa = PBXFileReference; fileEncoding = 4; lastKnownFileType = sourcecode.c.objc; path = FzhBluetooth.m; sourceTree = "<group>"; };
		3A2FC3471F6F745B003CFD82 /* SendViewController.h */ = {isa = PBXFileReference; fileEncoding = 4; lastKnownFileType = sourcecode.c.h; path = SendViewController.h; sourceTree = "<group>"; };
		3A2FC3481F6F745B003CFD82 /* SendViewController.m */ = {isa = PBXFileReference; fileEncoding = 4; lastKnownFileType = sourcecode.c.objc; path = SendViewController.m; sourceTree = "<group>"; };
		3A2FC34B1F6F7B52003CFD82 /* FZHProgressHUD.h */ = {isa = PBXFileReference; fileEncoding = 4; lastKnownFileType = sourcecode.c.h; path = FZHProgressHUD.h; sourceTree = "<group>"; };
		3A2FC34C1F6F7B52003CFD82 /* FZHProgressHUD.m */ = {isa = PBXFileReference; fileEncoding = 4; lastKnownFileType = sourcecode.c.objc; path = FZHProgressHUD.m; sourceTree = "<group>"; };
		3A2FC34F1F6F7B69003CFD82 /* FZBlueModel.h */ = {isa = PBXFileReference; fileEncoding = 4; lastKnownFileType = sourcecode.c.h; path = FZBlueModel.h; sourceTree = "<group>"; };
		3A2FC3501F6F7B69003CFD82 /* FZBlueModel.m */ = {isa = PBXFileReference; fileEncoding = 4; lastKnownFileType = sourcecode.c.objc; path = FZBlueModel.m; sourceTree = "<group>"; };
		3A2FC3511F6F7B69003CFD82 /* FZSingletonManager.h */ = {isa = PBXFileReference; fileEncoding = 4; lastKnownFileType = sourcecode.c.h; path = FZSingletonManager.h; sourceTree = "<group>"; };
		3A2FC3521F6F7B69003CFD82 /* FZSingletonManager.m */ = {isa = PBXFileReference; fileEncoding = 4; lastKnownFileType = sourcecode.c.objc; path = FZSingletonManager.m; sourceTree = "<group>"; };
/* End PBXFileReference section */

/* Begin PBXFrameworksBuildPhase section */
		3A2FC3201F6F7056003CFD82 /* Frameworks */ = {
			isa = PBXFrameworksBuildPhase;
			buildActionMask = 2147483647;
			files = (
			);
			runOnlyForDeploymentPostprocessing = 0;
		};
/* End PBXFrameworksBuildPhase section */

/* Begin PBXGroup section */
		3A2FC31A1F6F7056003CFD82 = {
			isa = PBXGroup;
			children = (
				3A2FC3251F6F7056003CFD82 /* FzBluetoothDemo */,
				3A2FC3241F6F7056003CFD82 /* Products */,
			);
			sourceTree = "<group>";
		};
		3A2FC3241F6F7056003CFD82 /* Products */ = {
			isa = PBXGroup;
			children = (
				3A2FC3231F6F7056003CFD82 /* FzBluetoothDemo.app */,
			);
			name = Products;
			sourceTree = "<group>";
		};
		3A2FC3251F6F7056003CFD82 /* FzBluetoothDemo */ = {
			isa = PBXGroup;
			children = (
				3A2FC3291F6F7056003CFD82 /* AppDelegate.h */,
				3A2FC32A1F6F7056003CFD82 /* AppDelegate.m */,
				3A2FC34A1F6F7B52003CFD82 /* FZHProgressHUD */,
				3A2FC33D1F6F7060003CFD82 /* FzhBluetooth */,
				3A2FC34E1F6F7B69003CFD82 /* FZBlueModel */,
				3A2FC32C1F6F7056003CFD82 /* ViewController.h */,
				3A2FC32D1F6F7056003CFD82 /* ViewController.m */,
				3A2FC3471F6F745B003CFD82 /* SendViewController.h */,
				3A2FC3481F6F745B003CFD82 /* SendViewController.m */,
				3A2FC32F1F6F7056003CFD82 /* Main.storyboard */,
				3A2FC3321F6F7056003CFD82 /* Assets.xcassets */,
				3A2FC3341F6F7056003CFD82 /* LaunchScreen.storyboard */,
				3A2FC3371F6F7056003CFD82 /* Info.plist */,
				3A2FC3261F6F7056003CFD82 /* Supporting Files */,
			);
			path = FzBluetoothDemo;
			sourceTree = "<group>";
		};
		3A2FC3261F6F7056003CFD82 /* Supporting Files */ = {
			isa = PBXGroup;
			children = (
				3A2FC3271F6F7056003CFD82 /* main.m */,
			);
			name = "Supporting Files";
			sourceTree = "<group>";
		};
		3A2FC33D1F6F7060003CFD82 /* FzhBluetooth */ = {
			isa = PBXGroup;
			children = (
				3A2FC33E1F6F7060003CFD82 /* FzhBluetooth.h */,
				3A2FC33F1F6F7060003CFD82 /* FzhBluetooth.m */,
			);
			path = FzhBluetooth;
			sourceTree = "<group>";
		};
		3A2FC34A1F6F7B52003CFD82 /* FZHProgressHUD */ = {
			isa = PBXGroup;
			children = (
				3A2FC34B1F6F7B52003CFD82 /* FZHProgressHUD.h */,
				3A2FC34C1F6F7B52003CFD82 /* FZHProgressHUD.m */,
			);
			path = FZHProgressHUD;
			sourceTree = "<group>";
		};
		3A2FC34E1F6F7B69003CFD82 /* FZBlueModel */ = {
			isa = PBXGroup;
			children = (
				3A2FC34F1F6F7B69003CFD82 /* FZBlueModel.h */,
				3A2FC3501F6F7B69003CFD82 /* FZBlueModel.m */,
				3A2FC3511F6F7B69003CFD82 /* FZSingletonManager.h */,
				3A2FC3521F6F7B69003CFD82 /* FZSingletonManager.m */,
			);
			path = FZBlueModel;
			sourceTree = "<group>";
		};
/* End PBXGroup section */

/* Begin PBXNativeTarget section */
		3A2FC3221F6F7056003CFD82 /* FzBluetoothDemo */ = {
			isa = PBXNativeTarget;
			buildConfigurationList = 3A2FC33A1F6F7056003CFD82 /* Build configuration list for PBXNativeTarget "FzBluetoothDemo" */;
			buildPhases = (
				3A2FC31F1F6F7056003CFD82 /* Sources */,
				3A2FC3201F6F7056003CFD82 /* Frameworks */,
				3A2FC3211F6F7056003CFD82 /* Resources */,
			);
			buildRules = (
			);
			dependencies = (
			);
			name = FzBluetoothDemo;
			productName = FzBluetoothDemo;
			productReference = 3A2FC3231F6F7056003CFD82 /* FzBluetoothDemo.app */;
			productType = "com.apple.product-type.application";
		};
/* End PBXNativeTarget section */

/* Begin PBXProject section */
		3A2FC31B1F6F7056003CFD82 /* Project object */ = {
			isa = PBXProject;
			attributes = {
				LastUpgradeCheck = 0830;
				ORGANIZATIONNAME = "付正";
				TargetAttributes = {
					3A2FC3221F6F7056003CFD82 = {
						CreatedOnToolsVersion = 8.3.3;
						DevelopmentTeam = 7A99RNRSDE;
						ProvisioningStyle = Automatic;
					};
				};
			};
			buildConfigurationList = 3A2FC31E1F6F7056003CFD82 /* Build configuration list for PBXProject "FzBluetoothDemo" */;
			compatibilityVersion = "Xcode 3.2";
			developmentRegion = English;
			hasScannedForEncodings = 0;
			knownRegions = (
				en,
				Base,
			);
			mainGroup = 3A2FC31A1F6F7056003CFD82;
			productRefGroup = 3A2FC3241F6F7056003CFD82 /* Products */;
			projectDirPath = "";
			projectRoot = "";
			targets = (
				3A2FC3221F6F7056003CFD82 /* FzBluetoothDemo */,
			);
		};
/* End PBXProject section */

/* Begin PBXResourcesBuildPhase section */
		3A2FC3211F6F7056003CFD82 /* Resources */ = {
			isa = PBXResourcesBuildPhase;
			buildActionMask = 2147483647;
			files = (
				3A2FC3361F6F7056003CFD82 /* LaunchScreen.storyboard in Resources */,
				3A2FC3331F6F7056003CFD82 /* Assets.xcassets in Resources */,
				3A2FC3311F6F7056003CFD82 /* Main.storyboard in Resources */,
			);
			runOnlyForDeploymentPostprocessing = 0;
		};
/* End PBXResourcesBuildPhase section */

/* Begin PBXSourcesBuildPhase section */
		3A2FC31F1F6F7056003CFD82 /* Sources */ = {
			isa = PBXSourcesBuildPhase;
			buildActionMask = 2147483647;
			files = (
				3A2FC32E1F6F7056003CFD82 /* ViewController.m in Sources */,
				3A2FC3531F6F7B69003CFD82 /* FZBlueModel.m in Sources */,
				3A2FC34D1F6F7B52003CFD82 /* FZHProgressHUD.m in Sources */,
				3A2FC32B1F6F7056003CFD82 /* AppDelegate.m in Sources */,
				3A2FC3541F6F7B69003CFD82 /* FZSingletonManager.m in Sources */,
				3A2FC3281F6F7056003CFD82 /* main.m in Sources */,
				3A2FC3401F6F7060003CFD82 /* FzhBluetooth.m in Sources */,
				3A2FC3491F6F745B003CFD82 /* SendViewController.m in Sources */,
			);
			runOnlyForDeploymentPostprocessing = 0;
		};
/* End PBXSourcesBuildPhase section */

/* Begin PBXVariantGroup section */
		3A2FC32F1F6F7056003CFD82 /* Main.storyboard */ = {
			isa = PBXVariantGroup;
			children = (
				3A2FC3301F6F7056003CFD82 /* Base */,
			);
			name = Main.storyboard;
			sourceTree = "<group>";
		};
		3A2FC3341F6F7056003CFD82 /* LaunchScreen.storyboard */ = {
			isa = PBXVariantGroup;
			children = (
				3A2FC3351F6F7056003CFD82 /* Base */,
			);
			name = LaunchScreen.storyboard;
			sourceTree = "<group>";
		};
/* End PBXVariantGroup section */

/* Begin XCBuildConfiguration section */
		3A2FC3381F6F7056003CFD82 /* Debug */ = {
			isa = XCBuildConfiguration;
			buildSettings = {
				ALWAYS_SEARCH_USER_PATHS = NO;
				CLANG_ANALYZER_NONNULL = YES;
				CLANG_ANALYZER_NUMBER_OBJECT_CONVERSION = YES_AGGRESSIVE;
				CLANG_CXX_LANGUAGE_STANDARD = "gnu++0x";
				CLANG_CXX_LIBRARY = "libc++";
				CLANG_ENABLE_MODULES = YES;
				CLANG_ENABLE_OBJC_ARC = YES;
				CLANG_WARN_BOOL_CONVERSION = YES;
				CLANG_WARN_CONSTANT_CONVERSION = YES;
				CLANG_WARN_DIRECT_OBJC_ISA_USAGE = YES_ERROR;
				CLANG_WARN_DOCUMENTATION_COMMENTS = YES;
				CLANG_WARN_EMPTY_BODY = YES;
				CLANG_WARN_ENUM_CONVERSION = YES;
				CLANG_WARN_INFINITE_RECURSION = YES;
				CLANG_WARN_INT_CONVERSION = YES;
				CLANG_WARN_OBJC_ROOT_CLASS = YES_ERROR;
				CLANG_WARN_SUSPICIOUS_MOVE = YES;
				CLANG_WARN_UNREACHABLE_CODE = YES;
				CLANG_WARN__DUPLICATE_METHOD_MATCH = YES;
				"CODE_SIGN_IDENTITY[sdk=iphoneos*]" = "iPhone Developer";
				COPY_PHASE_STRIP = NO;
				DEBUG_INFORMATION_FORMAT = dwarf;
				ENABLE_STRICT_OBJC_MSGSEND = YES;
				ENABLE_TESTABILITY = YES;
				GCC_C_LANGUAGE_STANDARD = gnu99;
				GCC_DYNAMIC_NO_PIC = NO;
				GCC_NO_COMMON_BLOCKS = YES;
				GCC_OPTIMIZATION_LEVEL = 0;
				GCC_PREPROCESSOR_DEFINITIONS = (
					"DEBUG=1",
					"$(inherited)",
				);
				GCC_WARN_64_TO_32_BIT_CONVERSION = YES;
				GCC_WARN_ABOUT_RETURN_TYPE = YES_ERROR;
				GCC_WARN_UNDECLARED_SELECTOR = YES;
				GCC_WARN_UNINITIALIZED_AUTOS = YES_AGGRESSIVE;
				GCC_WARN_UNUSED_FUNCTION = YES;
				GCC_WARN_UNUSED_VARIABLE = YES;
				IPHONEOS_DEPLOYMENT_TARGET = 10.3;
				MTL_ENABLE_DEBUG_INFO = YES;
				ONLY_ACTIVE_ARCH = YES;
				SDKROOT = iphoneos;
				TARGETED_DEVICE_FAMILY = "1,2";
			};
			name = Debug;
		};
		3A2FC3391F6F7056003CFD82 /* Release */ = {
			isa = XCBuildConfiguration;
			buildSettings = {
				ALWAYS_SEARCH_USER_PATHS = NO;
				CLANG_ANALYZER_NONNULL = YES;
				CLANG_ANALYZER_NUMBER_OBJECT_CONVERSION = YES_AGGRESSIVE;
				CLANG_CXX_LANGUAGE_STANDARD = "gnu++0x";
				CLANG_CXX_LIBRARY = "libc++";
				CLANG_ENABLE_MODULES = YES;
				CLANG_ENABLE_OBJC_ARC = YES;
				CLANG_WARN_BOOL_CONVERSION = YES;
				CLANG_WARN_CONSTANT_CONVERSION = YES;
				CLANG_WARN_DIRECT_OBJC_ISA_USAGE = YES_ERROR;
				CLANG_WARN_DOCUMENTATION_COMMENTS = YES;
				CLANG_WARN_EMPTY_BODY = YES;
				CLANG_WARN_ENUM_CONVERSION = YES;
				CLANG_WARN_INFINITE_RECURSION = YES;
				CLANG_WARN_INT_CONVERSION = YES;
				CLANG_WARN_OBJC_ROOT_CLASS = YES_ERROR;
				CLANG_WARN_SUSPICIOUS_MOVE = YES;
				CLANG_WARN_UNREACHABLE_CODE = YES;
				CLANG_WARN__DUPLICATE_METHOD_MATCH = YES;
				"CODE_SIGN_IDENTITY[sdk=iphoneos*]" = "iPhone Developer";
				COPY_PHASE_STRIP = NO;
				DEBUG_INFORMATION_FORMAT = "dwarf-with-dsym";
				ENABLE_NS_ASSERTIONS = NO;
				ENABLE_STRICT_OBJC_MSGSEND = YES;
				GCC_C_LANGUAGE_STANDARD = gnu99;
				GCC_NO_COMMON_BLOCKS = YES;
				GCC_WARN_64_TO_32_BIT_CONVERSION = YES;
				GCC_WARN_ABOUT_RETURN_TYPE = YES_ERROR;
				GCC_WARN_UNDECLARED_SELECTOR = YES;
				GCC_WARN_UNINITIALIZED_AUTOS = YES_AGGRESSIVE;
				GCC_WARN_UNUSED_FUNCTION = YES;
				GCC_WARN_UNUSED_VARIABLE = YES;
				IPHONEOS_DEPLOYMENT_TARGET = 10.3;
				MTL_ENABLE_DEBUG_INFO = NO;
				SDKROOT = iphoneos;
				TARGETED_DEVICE_FAMILY = "1,2";
				VALIDATE_PRODUCT = YES;
			};
			name = Release;
		};
		3A2FC33B1F6F7056003CFD82 /* Debug */ = {
			isa = XCBuildConfiguration;
			buildSettings = {
				ASSETCATALOG_COMPILER_APPICON_NAME = AppIcon;
				DEVELOPMENT_TEAM = 7A99RNRSDE;
				INFOPLIST_FILE = FzBluetoothDemo/Info.plist;
				LD_RUNPATH_SEARCH_PATHS = "$(inherited) @executable_path/Frameworks";
				PRODUCT_BUNDLE_IDENTIFIER = fuzheng.FzBluetoothDemo;
				PRODUCT_NAME = "$(TARGET_NAME)";
			};
			name = Debug;
		};
		3A2FC33C1F6F7056003CFD82 /* Release */ = {
			isa = XCBuildConfiguration;
			buildSettings = {
				ASSETCATALOG_COMPILER_APPICON_NAME = AppIcon;
				DEVELOPMENT_TEAM = 7A99RNRSDE;
				INFOPLIST_FILE = FzBluetoothDemo/Info.plist;
				LD_RUNPATH_SEARCH_PATHS = "$(inherited) @executable_path/Frameworks";
				PRODUCT_BUNDLE_IDENTIFIER = fuzheng.FzBluetoothDemo;
				PRODUCT_NAME = "$(TARGET_NAME)";
			};
			name = Release;
		};
/* End XCBuildConfiguration section */

/* Begin XCConfigurationList section */
		3A2FC31E1F6F7056003CFD82 /* Build configuration list for PBXProject "FzBluetoothDemo" */ = {
			isa = XCConfigurationList;
			buildConfigurations = (
				3A2FC3381F6F7056003CFD82 /* Debug */,
				3A2FC3391F6F7056003CFD82 /* Release */,
			);
			defaultConfigurationIsVisible = 0;
			defaultConfigurationName = Release;
		};
		3A2FC33A1F6F7056003CFD82 /* Build configuration list for PBXNativeTarget "FzBluetoothDemo" */ = {
			isa = XCConfigurationList;
			buildConfigurations = (
				3A2FC33B1F6F7056003CFD82 /* Debug */,
				3A2FC33C1F6F7056003CFD82 /* Release */,
			);
			defaultConfigurationIsVisible = 0;
		};
/* End XCConfigurationList section */
	};
	rootObject = 3A2FC31B1F6F7056003CFD82 /* Project object */;
}
